<?xml version="1.0" encoding="utf-8"?>
<Project ToolsVersion="4.0" xmlns="http://schemas.microsoft.com/developer/msbuild/2003">
  <ItemGroup>
    <Filter Include="Resource Files">
      <UniqueIdentifier>{67DA6AB6-F800-4c08-8B7A-83BB121AAD01}</UniqueIdentifier>
      <Extensions>rc;ico;cur;bmp;dlg;rc2;rct;bin;rgs;gif;jpg;jpeg;jpe;resx;tiff;tif;png;wav;mfcribbon-ms</Extensions>
    </Filter>
    <Filter Include="Game">
      <UniqueIdentifier>{2da78739-be02-49ad-a6e5-eab0bab588d6}</UniqueIdentifier>
    </Filter>
    <Filter Include="Engine">
      <UniqueIdentifier>{d1661e44-5ce0-47c5-af9f-e71765d9aafc}</UniqueIdentifier>
    </Filter>
    <Filter Include="Engine\Camera">
      <UniqueIdentifier>{cb84d043-d435-4c4a-a9e1-35c7679a4dfa}</UniqueIdentifier>
    </Filter>
    <Filter Include="Engine\Math">
      <UniqueIdentifier>{d6933158-4da8-4030-986f-ecbfa5f50e11}</UniqueIdentifier>
    </Filter>
    <Filter Include="Engine\Matrix">
      <UniqueIdentifier>{ddefd6ea-0077-4009-bafa-39ec822c2464}</UniqueIdentifier>
    </Filter>
    <Filter Include="Engine\Renderer">
      <UniqueIdentifier>{6badf1bb-8173-4416-bdb8-c701c049fda5}</UniqueIdentifier>
    </Filter>
    <Filter Include="Engine\Time">
      <UniqueIdentifier>{6039d7e1-8552-42a6-adf6-41e44038dec5}</UniqueIdentifier>
    </Filter>
  </ItemGroup>
  <ItemGroup>
    <ClCompile Include="Game\World.cpp">
      <Filter>Game</Filter>
    </ClCompile>
    <ClCompile Include="Engine\Main_Win32.cpp">
      <Filter>Engine</Filter>
    </ClCompile>
    <ClCompile Include="Engine\Time\Time.cpp">
      <Filter>Engine\Time</Filter>
    </ClCompile>
    <ClCompile Include="Engine\Renderer\OpenGLRenderer.cpp">
      <Filter>Engine\Renderer</Filter>
    </ClCompile>
    <ClCompile Include="Engine\Matrix\MatrixStack.cpp">
      <Filter>Engine\Matrix</Filter>
    </ClCompile>
    <ClCompile Include="Engine\Camera\Camera.cpp">
      <Filter>Engine\Camera</Filter>
    </ClCompile>
  </ItemGroup>
  <ItemGroup>
    <ClInclude Include="Game\World.hpp">
      <Filter>Game</Filter>
    </ClInclude>
    <ClInclude Include="Engine\Constants.hpp">
      <Filter>Engine</Filter>
    </ClInclude>
    <ClInclude Include="Engine\Time\Time.hpp">
      <Filter>Engine\Time</Filter>
    </ClInclude>
    <ClInclude Include="Engine\Renderer\glext.h">
      <Filter>Engine\Renderer</Filter>
    </ClInclude>
    <ClInclude Include="Engine\Renderer\OpenGLRenderer.hpp">
      <Filter>Engine\Renderer</Filter>
    </ClInclude>
    <ClInclude Include="Engine\Matrix\Matrix4x4.hpp">
      <Filter>Engine\Matrix</Filter>
    </ClInclude>
    <ClInclude Include="Engine\Matrix\MatrixStack.hpp">
      <Filter>Engine\Matrix</Filter>
    </ClInclude>
    <ClInclude Include="Engine\Math\IntVector2.hpp">
      <Filter>Engine\Math</Filter>
    </ClInclude>
    <ClInclude Include="Engine\Math\IntVector3.hpp">
      <Filter>Engine\Math</Filter>
    </ClInclude>
    <ClInclude Include="Engine\Math\MyMathFiles.hpp">
      <Filter>Engine\Math</Filter>
    </ClInclude>
    <ClInclude Include="Engine\Math\RGBA.hpp">
      <Filter>Engine\Math</Filter>
    </ClInclude>
    <ClInclude Include="Engine\Math\Vector2.hpp">
      <Filter>Engine\Math</Filter>
    </ClInclude>
    <ClInclude Include="Engine\Math\Vector3.hpp">
      <Filter>Engine\Math</Filter>
    </ClInclude>
    <ClInclude Include="Engine\Math\Vector4.hpp">
      <Filter>Engine\Math</Filter>
    </ClInclude>
    <ClInclude Include="Engine\Math\Vertex.hpp">
      <Filter>Engine\Math</Filter>
    </ClInclude>
    <ClInclude Include="Engine\Camera\Camera.hpp">
      <Filter>Engine\Camera</Filter>
    </ClInclude>
  </ItemGroup>
  <ItemGroup>
    <None Include="Data\Rust_330.fragment.glsl">
      <Filter>Resource Files</Filter>
    </None>
    <None Include="Data\Rust_330.vertex.glsl">
      <Filter>Resource Files</Filter>
    </None>
  </ItemGroup>
</Project>